
Microsoft Visual Studio Solution File, Format Version 12.00
# Visual Studio Version 17
VisualStudioVersion = 17.0.31903.59
MinimumVisualStudioVersion = 10.0.40219.1
Project("{FAE04EC0-301F-11D3-BF4B-00C04F79EFBC}") = "Anekdotify.AppHost", "Anekdotify.AppHost\Anekdotify.AppHost.csproj", "{B92D2A99-EA5E-4CC7-8D73-D943B6196D6F}"
EndProject
Project("{FAE04EC0-301F-11D3-BF4B-00C04F79EFBC}") = "Anekdotify.ServiceDefaults", "Anekdotify.ServiceDefaults\Anekdotify.ServiceDefaults.csproj", "{ED23899F-BC8F-698F-D3DE-C5B770097543}"
EndProject
Project("{FAE04EC0-301F-11D3-BF4B-00C04F79EFBC}") = "Anekdotify.BL", "Anekdotify.BL\Anekdotify.BL.csproj", "{710C6133-995B-4E20-B64E-9416235541BF}"
EndProject
Project("{FAE04EC0-301F-11D3-BF4B-00C04F79EFBC}") = "Anekdotify.Models", "Anekdotify.Models\Anekdotify.Models.csproj", "{581793EF-EFE0-4AE1-B8BC-24BADB4BAD93}"
EndProject
Project("{FAE04EC0-301F-11D3-BF4B-00C04F79EFBC}") = "Anekdotify.Database", "Anekdotify.Database\Anekdotify.Database.csproj", "{BC966BD2-9531-4B96-B96B-5C675F645B25}"
EndProject
Project("{FAE04EC0-301F-11D3-BF4B-00C04F79EFBC}") = "Anekdotify.Api", "Anekdotify.Api\Anekdotify.Api.csproj", "{E85E0AE4-6F2E-4F37-F33B-434B01DAC124}"
EndProject
Project("{FAE04EC0-301F-11D3-BF4B-00C04F79EFBC}") = "Anekdotify.Frontend", "Anekdotify.Frontend\Anekdotify.Frontend.csproj", "{C389E2C2-15A8-8742-8DCB-B24242249D72}"
EndProject
Project("{FAE04EC0-301F-11D3-BF4B-00C04F79EFBC}") = "Anekdotify.Common", "Anekdotify.Common\Anekdotify.Common.csproj", "{A75D4E6E-D125-4692-9E43-0DE7F954E890}"
EndProject
Project("{FAE04EC0-301F-11D3-BF4B-00C04F79EFBC}") = "Anekdotify.Api.Tests", "Anekdotify.Api.Tests\Anekdotify.Api.Tests.csproj", "{098B1CE5-8EEC-4AF1-B022-0914934515EF}"
EndProject
Global
	GlobalSection(SolutionConfigurationPlatforms) = preSolution
		Debug|Any CPU = Debug|Any CPU
		Debug|x64 = Debug|x64
		Debug|x86 = Debug|x86
		Release|Any CPU = Release|Any CPU
		Release|x64 = Release|x64
		Release|x86 = Release|x86
	EndGlobalSection
	GlobalSection(ProjectConfigurationPlatforms) = postSolution
		{B92D2A99-EA5E-4CC7-8D73-D943B6196D6F}.Debug|Any CPU.ActiveCfg = Debug|Any CPU
		{B92D2A99-EA5E-4CC7-8D73-D943B6196D6F}.Debug|Any CPU.Build.0 = Debug|Any CPU
		{B92D2A99-EA5E-4CC7-8D73-D943B6196D6F}.Debug|x64.ActiveCfg = Debug|Any CPU
		{B92D2A99-EA5E-4CC7-8D73-D943B6196D6F}.Debug|x64.Build.0 = Debug|Any CPU
		{B92D2A99-EA5E-4CC7-8D73-D943B6196D6F}.Debug|x86.ActiveCfg = Debug|Any CPU
		{B92D2A99-EA5E-4CC7-8D73-D943B6196D6F}.Debug|x86.Build.0 = Debug|Any CPU
		{B92D2A99-EA5E-4CC7-8D73-D943B6196D6F}.Release|Any CPU.ActiveCfg = Release|Any CPU
		{B92D2A99-EA5E-4CC7-8D73-D943B6196D6F}.Release|Any CPU.Build.0 = Release|Any CPU
		{B92D2A99-EA5E-4CC7-8D73-D943B6196D6F}.Release|x64.ActiveCfg = Release|Any CPU
		{B92D2A99-EA5E-4CC7-8D73-D943B6196D6F}.Release|x64.Build.0 = Release|Any CPU
		{B92D2A99-EA5E-4CC7-8D73-D943B6196D6F}.Release|x86.ActiveCfg = Release|Any CPU
		{B92D2A99-EA5E-4CC7-8D73-D943B6196D6F}.Release|x86.Build.0 = Release|Any CPU
		{ED23899F-BC8F-698F-D3DE-C5B770097543}.Debug|Any CPU.ActiveCfg = Debug|Any CPU
		{ED23899F-BC8F-698F-D3DE-C5B770097543}.Debug|Any CPU.Build.0 = Debug|Any CPU
		{ED23899F-BC8F-698F-D3DE-C5B770097543}.Debug|x64.ActiveCfg = Debug|Any CPU
		{ED23899F-BC8F-698F-D3DE-C5B770097543}.Debug|x64.Build.0 = Debug|Any CPU
		{ED23899F-BC8F-698F-D3DE-C5B770097543}.Debug|x86.ActiveCfg = Debug|Any CPU
		{ED23899F-BC8F-698F-D3DE-C5B770097543}.Debug|x86.Build.0 = Debug|Any CPU
		{ED23899F-BC8F-698F-D3DE-C5B770097543}.Release|Any CPU.ActiveCfg = Release|Any CPU
		{ED23899F-BC8F-698F-D3DE-C5B770097543}.Release|Any CPU.Build.0 = Release|Any CPU
		{ED23899F-BC8F-698F-D3DE-C5B770097543}.Release|x64.ActiveCfg = Release|Any CPU
		{ED23899F-BC8F-698F-D3DE-C5B770097543}.Release|x64.Build.0 = Release|Any CPU
		{ED23899F-BC8F-698F-D3DE-C5B770097543}.Release|x86.ActiveCfg = Release|Any CPU
		{ED23899F-BC8F-698F-D3DE-C5B770097543}.Release|x86.Build.0 = Release|Any CPU
		{710C6133-995B-4E20-B64E-9416235541BF}.Debug|Any CPU.ActiveCfg = Debug|Any CPU
		{710C6133-995B-4E20-B64E-9416235541BF}.Debug|Any CPU.Build.0 = Debug|Any CPU
		{710C6133-995B-4E20-B64E-9416235541BF}.Debug|x64.ActiveCfg = Debug|Any CPU
		{710C6133-995B-4E20-B64E-9416235541BF}.Debug|x64.Build.0 = Debug|Any CPU
		{710C6133-995B-4E20-B64E-9416235541BF}.Debug|x86.ActiveCfg = Debug|Any CPU
		{710C6133-995B-4E20-B64E-9416235541BF}.Debug|x86.Build.0 = Debug|Any CPU
		{710C6133-995B-4E20-B64E-9416235541BF}.Release|Any CPU.ActiveCfg = Release|Any CPU
		{710C6133-995B-4E20-B64E-9416235541BF}.Release|Any CPU.Build.0 = Release|Any CPU
		{710C6133-995B-4E20-B64E-9416235541BF}.Release|x64.ActiveCfg = Release|Any CPU
		{710C6133-995B-4E20-B64E-9416235541BF}.Release|x64.Build.0 = Release|Any CPU
		{710C6133-995B-4E20-B64E-9416235541BF}.Release|x86.ActiveCfg = Release|Any CPU
		{710C6133-995B-4E20-B64E-9416235541BF}.Release|x86.Build.0 = Release|Any CPU
		{581793EF-EFE0-4AE1-B8BC-24BADB4BAD93}.Debug|Any CPU.ActiveCfg = Debug|Any CPU
		{581793EF-EFE0-4AE1-B8BC-24BADB4BAD93}.Debug|Any CPU.Build.0 = Debug|Any CPU
		{581793EF-EFE0-4AE1-B8BC-24BADB4BAD93}.Debug|x64.ActiveCfg = Debug|Any CPU
		{581793EF-EFE0-4AE1-B8BC-24BADB4BAD93}.Debug|x64.Build.0 = Debug|Any CPU
		{581793EF-EFE0-4AE1-B8BC-24BADB4BAD93}.Debug|x86.ActiveCfg = Debug|Any CPU
		{581793EF-EFE0-4AE1-B8BC-24BADB4BAD93}.Debug|x86.Build.0 = Debug|Any CPU
		{581793EF-EFE0-4AE1-B8BC-24BADB4BAD93}.Release|Any CPU.ActiveCfg = Release|Any CPU
		{581793EF-EFE0-4AE1-B8BC-24BADB4BAD93}.Release|Any CPU.Build.0 = Release|Any CPU
		{581793EF-EFE0-4AE1-B8BC-24BADB4BAD93}.Release|x64.ActiveCfg = Release|Any CPU
		{581793EF-EFE0-4AE1-B8BC-24BADB4BAD93}.Release|x64.Build.0 = Release|Any CPU
		{581793EF-EFE0-4AE1-B8BC-24BADB4BAD93}.Release|x86.ActiveCfg = Release|Any CPU
		{581793EF-EFE0-4AE1-B8BC-24BADB4BAD93}.Release|x86.Build.0 = Release|Any CPU
		{BC966BD2-9531-4B96-B96B-5C675F645B25}.Debug|Any CPU.ActiveCfg = Debug|Any CPU
		{BC966BD2-9531-4B96-B96B-5C675F645B25}.Debug|Any CPU.Build.0 = Debug|Any CPU
		{BC966BD2-9531-4B96-B96B-5C675F645B25}.Debug|x64.ActiveCfg = Debug|Any CPU
		{BC966BD2-9531-4B96-B96B-5C675F645B25}.Debug|x64.Build.0 = Debug|Any CPU
		{BC966BD2-9531-4B96-B96B-5C675F645B25}.Debug|x86.ActiveCfg = Debug|Any CPU
		{BC966BD2-9531-4B96-B96B-5C675F645B25}.Debug|x86.Build.0 = Debug|Any CPU
		{BC966BD2-9531-4B96-B96B-5C675F645B25}.Release|Any CPU.ActiveCfg = Release|Any CPU
		{BC966BD2-9531-4B96-B96B-5C675F645B25}.Release|Any CPU.Build.0 = Release|Any CPU
		{BC966BD2-9531-4B96-B96B-5C675F645B25}.Release|x64.ActiveCfg = Release|Any CPU
		{BC966BD2-9531-4B96-B96B-5C675F645B25}.Release|x64.Build.0 = Release|Any CPU
		{BC966BD2-9531-4B96-B96B-5C675F645B25}.Release|x86.ActiveCfg = Release|Any CPU
		{BC966BD2-9531-4B96-B96B-5C675F645B25}.Release|x86.Build.0 = Release|Any CPU
		{E85E0AE4-6F2E-4F37-F33B-434B01DAC124}.Debug|Any CPU.ActiveCfg = Debug|Any CPU
		{E85E0AE4-6F2E-4F37-F33B-434B01DAC124}.Debug|Any CPU.Build.0 = Debug|Any CPU
		{E85E0AE4-6F2E-4F37-F33B-434B01DAC124}.Debug|x64.ActiveCfg = Debug|Any CPU
		{E85E0AE4-6F2E-4F37-F33B-434B01DAC124}.Debug|x64.Build.0 = Debug|Any CPU
		{E85E0AE4-6F2E-4F37-F33B-434B01DAC124}.Debug|x86.ActiveCfg = Debug|Any CPU
		{E85E0AE4-6F2E-4F37-F33B-434B01DAC124}.Debug|x86.Build.0 = Debug|Any CPU
		{E85E0AE4-6F2E-4F37-F33B-434B01DAC124}.Release|Any CPU.ActiveCfg = Release|Any CPU
		{E85E0AE4-6F2E-4F37-F33B-434B01DAC124}.Release|Any CPU.Build.0 = Release|Any CPU
		{E85E0AE4-6F2E-4F37-F33B-434B01DAC124}.Release|x64.ActiveCfg = Release|Any CPU
		{E85E0AE4-6F2E-4F37-F33B-434B01DAC124}.Release|x64.Build.0 = Release|Any CPU
		{E85E0AE4-6F2E-4F37-F33B-434B01DAC124}.Release|x86.ActiveCfg = Release|Any CPU
		{E85E0AE4-6F2E-4F37-F33B-434B01DAC124}.Release|x86.Build.0 = Release|Any CPU
		{C389E2C2-15A8-8742-8DCB-B24242249D72}.Debug|Any CPU.ActiveCfg = Debug|Any CPU
		{C389E2C2-15A8-8742-8DCB-B24242249D72}.Debug|Any CPU.Build.0 = Debug|Any CPU
		{C389E2C2-15A8-8742-8DCB-B24242249D72}.Debug|x64.ActiveCfg = Debug|Any CPU
		{C389E2C2-15A8-8742-8DCB-B24242249D72}.Debug|x64.Build.0 = Debug|Any CPU
		{C389E2C2-15A8-8742-8DCB-B24242249D72}.Debug|x86.ActiveCfg = Debug|Any CPU
		{C389E2C2-15A8-8742-8DCB-B24242249D72}.Debug|x86.Build.0 = Debug|Any CPU
		{C389E2C2-15A8-8742-8DCB-B24242249D72}.Release|Any CPU.ActiveCfg = Release|Any CPU
		{C389E2C2-15A8-8742-8DCB-B24242249D72}.Release|Any CPU.Build.0 = Release|Any CPU
		{C389E2C2-15A8-8742-8DCB-B24242249D72}.Release|x64.ActiveCfg = Release|Any CPU
		{C389E2C2-15A8-8742-8DCB-B24242249D72}.Release|x64.Build.0 = Release|Any CPU
		{C389E2C2-15A8-8742-8DCB-B24242249D72}.Release|x86.ActiveCfg = Release|Any CPU
		{C389E2C2-15A8-8742-8DCB-B24242249D72}.Release|x86.Build.0 = Release|Any CPU
		{A75D4E6E-D125-4692-9E43-0DE7F954E890}.Debug|Any CPU.ActiveCfg = Debug|Any CPU
		{A75D4E6E-D125-4692-9E43-0DE7F954E890}.Debug|Any CPU.Build.0 = Debug|Any CPU
		{A75D4E6E-D125-4692-9E43-0DE7F954E890}.Debug|x64.ActiveCfg = Debug|Any CPU
		{A75D4E6E-D125-4692-9E43-0DE7F954E890}.Debug|x64.Build.0 = Debug|Any CPU
		{A75D4E6E-D125-4692-9E43-0DE7F954E890}.Debug|x86.ActiveCfg = Debug|Any CPU
		{A75D4E6E-D125-4692-9E43-0DE7F954E890}.Debug|x86.Build.0 = Debug|Any CPU
		{A75D4E6E-D125-4692-9E43-0DE7F954E890}.Release|Any CPU.ActiveCfg = Release|Any CPU
		{A75D4E6E-D125-4692-9E43-0DE7F954E890}.Release|Any CPU.Build.0 = Release|Any CPU
		{A75D4E6E-D125-4692-9E43-0DE7F954E890}.Release|x64.ActiveCfg = Release|Any CPU
		{A75D4E6E-D125-4692-9E43-0DE7F954E890}.Release|x64.Build.0 = Release|Any CPU
		{A75D4E6E-D125-4692-9E43-0DE7F954E890}.Release|x86.ActiveCfg = Release|Any CPU
		{A75D4E6E-D125-4692-9E43-0DE7F954E890}.Release|x86.Build.0 = Release|Any CPU
		{098B1CE5-8EEC-4AF1-B022-0914934515EF}.Debug|Any CPU.ActiveCfg = Debug|Any CPU
		{098B1CE5-8EEC-4AF1-B022-0914934515EF}.Debug|Any CPU.Build.0 = Debug|Any CPU
		{098B1CE5-8EEC-4AF1-B022-0914934515EF}.Debug|x64.ActiveCfg = Debug|Any CPU
		{098B1CE5-8EEC-4AF1-B022-0914934515EF}.Debug|x64.Build.0 = Debug|Any CPU
		{098B1CE5-8EEC-4AF1-B022-0914934515EF}.Debug|x86.ActiveCfg = Debug|Any CPU
		{098B1CE5-8EEC-4AF1-B022-0914934515EF}.Debug|x86.Build.0 = Debug|Any CPU
		{098B1CE5-8EEC-4AF1-B022-0914934515EF}.Release|Any CPU.ActiveCfg = Release|Any CPU
		{098B1CE5-8EEC-4AF1-B022-0914934515EF}.Release|Any CPU.Build.0 = Release|Any CPU
		{098B1CE5-8EEC-4AF1-B022-0914934515EF}.Release|x64.ActiveCfg = Release|Any CPU
		{098B1CE5-8EEC-4AF1-B022-0914934515EF}.Release|x64.Build.0 = Release|Any CPU
		{098B1CE5-8EEC-4AF1-B022-0914934515EF}.Release|x86.ActiveCfg = Release|Any CPU
		{098B1CE5-8EEC-4AF1-B022-0914934515EF}.Release|x86.Build.0 = Release|Any CPU
	EndGlobalSection
	GlobalSection(SolutionProperties) = preSolution
		HideSolutionNode = FALSE
	EndGlobalSection
	GlobalSection(ExtensibilityGlobals) = postSolution
		SolutionGuid = {89752101-D2F9-43C8-9256-81C080E9E36C}
	EndGlobalSection
EndGlobal
